
Microsoft Visual Studio Solution File, Format Version 12.00
# Visual Studio Version 16
VisualStudioVersion = 16.0.32126.315
MinimumVisualStudioVersion = 10.0.40219.1
Project("{FAE04EC0-301F-11D3-BF4B-00C04F79EFBC}") = "Projekt", "Projekt\Projekt.csproj", "{83B7F23C-5F4F-4B5D-A7D3-15C7CE400EE0}"
EndProject
Project("{FAE04EC0-301F-11D3-BF4B-00C04F79EFBC}") = "Serwer", "Serwer\Serwer.csproj", "{DC3547C0-AD7A-4048-9BED-2DC620444A3E}"
EndProject
Global
	GlobalSection(SolutionConfigurationPlatforms) = preSolution
		Debug|Any CPU = Debug|Any CPU
		Release|Any CPU = Release|Any CPU
	EndGlobalSection
	GlobalSection(ProjectConfigurationPlatforms) = postSolution
		{83B7F23C-5F4F-4B5D-A7D3-15C7CE400EE0}.Debug|Any CPU.ActiveCfg = Debug|Any CPU
		{83B7F23C-5F4F-4B5D-A7D3-15C7CE400EE0}.Debug|Any CPU.Build.0 = Debug|Any CPU
		{83B7F23C-5F4F-4B5D-A7D3-15C7CE400EE0}.Release|Any CPU.ActiveCfg = Release|Any CPU
		{83B7F23C-5F4F-4B5D-A7D3-15C7CE400EE0}.Release|Any CPU.Build.0 = Release|Any CPU
		{DC3547C0-AD7A-4048-9BED-2DC620444A3E}.Debug|Any CPU.ActiveCfg = Debug|Any CPU
		{DC3547C0-AD7A-4048-9BED-2DC620444A3E}.Debug|Any CPU.Build.0 = Debug|Any CPU
		{DC3547C0-AD7A-4048-9BED-2DC620444A3E}.Release|Any CPU.ActiveCfg = Release|Any CPU
		{DC3547C0-AD7A-4048-9BED-2DC620444A3E}.Release|Any CPU.Build.0 = Release|Any CPU
	EndGlobalSection
	GlobalSection(SolutionProperties) = preSolution
		HideSolutionNode = FALSE
	EndGlobalSection
	GlobalSection(ExtensibilityGlobals) = postSolution
		SolutionGuid = {5283752E-BD0C-4996-A2E9-A91756A509A4}
	EndGlobalSection
EndGlobal
